
Microsoft Visual Studio Solution File, Format Version 12.00
# Visual Studio 2012
Project("{FAE04EC0-301F-11D3-BF4B-00C04F79EFBC}") = "PetitBac", "PetitBac\PetitBac.csproj", "{0F7A01DA-A75C-4087-B6C2-6EE2775F1F82}"
EndProject
Global
	GlobalSection(SolutionConfigurationPlatforms) = preSolution
		Debug|Any CPU = Debug|Any CPU
		Release|Any CPU = Release|Any CPU
	EndGlobalSection
	GlobalSection(ProjectConfigurationPlatforms) = postSolution
		{0F7A01DA-A75C-4087-B6C2-6EE2775F1F82}.Debug|Any CPU.ActiveCfg = Debug|Any CPU
		{0F7A01DA-A75C-4087-B6C2-6EE2775F1F82}.Debug|Any CPU.Build.0 = Debug|Any CPU
		{0F7A01DA-A75C-4087-B6C2-6EE2775F1F82}.Release|Any CPU.ActiveCfg = Release|Any CPU
		{0F7A01DA-A75C-4087-B6C2-6EE2775F1F82}.Release|Any CPU.Build.0 = Release|Any CPU
	EndGlobalSection
	GlobalSection(SolutionProperties) = preSolution
		HideSolutionNode = FALSE
	EndGlobalSection
EndGlobal
