
Microsoft Visual Studio Solution File, Format Version 12.00
# Visual Studio 2012
Project("{FAE04EC0-301F-11D3-BF4B-00C04F79EFBC}") = "PetitBac-Serveur", "PetitBac-Serveur\PetitBac-Serveur.csproj", "{9442A3A4-3A51-461D-BC3C-5809ECD5D602}"
EndProject
Global
	GlobalSection(SolutionConfigurationPlatforms) = preSolution
		Debug|Any CPU = Debug|Any CPU
		Release|Any CPU = Release|Any CPU
	EndGlobalSection
	GlobalSection(ProjectConfigurationPlatforms) = postSolution
		{9442A3A4-3A51-461D-BC3C-5809ECD5D602}.Debug|Any CPU.ActiveCfg = Debug|Any CPU
		{9442A3A4-3A51-461D-BC3C-5809ECD5D602}.Debug|Any CPU.Build.0 = Debug|Any CPU
		{9442A3A4-3A51-461D-BC3C-5809ECD5D602}.Release|Any CPU.ActiveCfg = Release|Any CPU
		{9442A3A4-3A51-461D-BC3C-5809ECD5D602}.Release|Any CPU.Build.0 = Release|Any CPU
	EndGlobalSection
	GlobalSection(SolutionProperties) = preSolution
		HideSolutionNode = FALSE
	EndGlobalSection
EndGlobal
